Microsoft Visual Studio Solution File, Format Version 12.00
# Visual Studio Version 17
VisualStudioVersion = 17.5.2.0
MinimumVisualStudioVersion = 10.0.40219.1
Project("{FAE04EC0-301F-11D3-BF4B-00C04F79EFBC}") = "Usuarios", "usuarios\Usuarios.csproj", "{36152552-037C-08D9-CD27-1C8ECF5127BC}"
EndProject
Global
	GlobalSection(SolutionConfigurationPlatforms) = preSolution
		Debug|Any CPU = Debug|Any CPU
		Release|Any CPU = Release|Any CPU
	EndGlobalSection
	GlobalSection(ProjectConfigurationPlatforms) = postSolution
		{36152552-037C-08D9-CD27-1C8ECF5127BC}.Debug|Any CPU.ActiveCfg = Debug|Any CPU
		{36152552-037C-08D9-CD27-1C8ECF5127BC}.Debug|Any CPU.Build.0 = Debug|Any CPU
		{36152552-037C-08D9-CD27-1C8ECF5127BC}.Release|Any CPU.ActiveCfg = Release|Any CPU
		{36152552-037C-08D9-CD27-1C8ECF5127BC}.Release|Any CPU.Build.0 = Release|Any CPU
	EndGlobalSection
	GlobalSection(SolutionProperties) = preSolution
		HideSolutionNode = FALSE
	EndGlobalSection
	GlobalSection(ExtensibilityGlobals) = postSolution
		SolutionGuid = {263DA860-C1C7-4819-A580-EC2A1FB23B21}
	EndGlobalSection
EndGlobal
